
Microsoft Visual Studio Solution File, Format Version 12.00
# Visual Studio 15
VisualStudioVersion = 15.0.27004.2010
MinimumVisualStudioVersion = 10.0.40219.1
Project("{FAE04EC0-301F-11D3-BF4B-00C04F79EFBC}") = "PersonalDiary", "PersonalDiary\PersonalDiary.csproj", "{91D3837F-DAB6-4135-907C-CA113A061BA1}"
EndProject
Project("{FAE04EC0-301F-11D3-BF4B-00C04F79EFBC}") = "PersonalDiary.Tests", "PersonalDiary.Tests\PersonalDiary.Tests.csproj", "{3DE46C62-90F2-4975-8552-419023465393}"
EndProject
Global
	GlobalSection(SolutionConfigurationPlatforms) = preSolution
		Debug|Any CPU = Debug|Any CPU
		Release|Any CPU = Release|Any CPU
	EndGlobalSection
	GlobalSection(ProjectConfigurationPlatforms) = postSolution
		{91D3837F-DAB6-4135-907C-CA113A061BA1}.Debug|Any CPU.ActiveCfg = Debug|Any CPU
		{91D3837F-DAB6-4135-907C-CA113A061BA1}.Debug|Any CPU.Build.0 = Debug|Any CPU
		{91D3837F-DAB6-4135-907C-CA113A061BA1}.Release|Any CPU.ActiveCfg = Release|Any CPU
		{91D3837F-DAB6-4135-907C-CA113A061BA1}.Release|Any CPU.Build.0 = Release|Any CPU
		{3DE46C62-90F2-4975-8552-419023465393}.Debug|Any CPU.ActiveCfg = Debug|Any CPU
		{3DE46C62-90F2-4975-8552-419023465393}.Debug|Any CPU.Build.0 = Debug|Any CPU
		{3DE46C62-90F2-4975-8552-419023465393}.Release|Any CPU.ActiveCfg = Release|Any CPU
		{3DE46C62-90F2-4975-8552-419023465393}.Release|Any CPU.Build.0 = Release|Any CPU
	EndGlobalSection
	GlobalSection(SolutionProperties) = preSolution
		HideSolutionNode = FALSE
	EndGlobalSection
	GlobalSection(ExtensibilityGlobals) = postSolution
		SolutionGuid = {D4202D7A-6013-48FF-BD1E-33D2BE2390E4}
	EndGlobalSection
EndGlobal
